
Microsoft Visual Studio Solution File, Format Version 12.00
# Visual Studio 14
VisualStudioVersion = 14.0.24720.0
MinimumVisualStudioVersion = 10.0.40219.1
Project("{2150E333-8FDC-42A3-9474-1A3956D46DE8}") = "src", "src", "{33B1B403-C8D7-4876-A2B1-C67122D2F865}"
EndProject
Project("{2150E333-8FDC-42A3-9474-1A3956D46DE8}") = "Solution Items", "Solution Items", "{C4786AB7-08AC-425B-90CA-C19A7A9D9C08}"
	ProjectSection(SolutionItems) = preProject
		global.json = global.json
	EndProjectSection
EndProject
Project("{8BB2217D-0F2D-49D1-97BC-3654ED321F3B}") = "MiddlewareApp", "src\MiddlewareApp\MiddlewareApp.xproj", "{27ECE41E-58DF-4974-8BF0-12EFB751F01E}"
EndProject
Global
	GlobalSection(SolutionConfigurationPlatforms) = preSolution
		Debug|Any CPU = Debug|Any CPU
		Release|Any CPU = Release|Any CPU
	EndGlobalSection
	GlobalSection(ProjectConfigurationPlatforms) = postSolution
		{27ECE41E-58DF-4974-8BF0-12EFB751F01E}.Debug|Any CPU.ActiveCfg = Debug|Any CPU
		{27ECE41E-58DF-4974-8BF0-12EFB751F01E}.Debug|Any CPU.Build.0 = Debug|Any CPU
		{27ECE41E-58DF-4974-8BF0-12EFB751F01E}.Release|Any CPU.ActiveCfg = Release|Any CPU
		{27ECE41E-58DF-4974-8BF0-12EFB751F01E}.Release|Any CPU.Build.0 = Release|Any CPU
	EndGlobalSection
	GlobalSection(SolutionProperties) = preSolution
		HideSolutionNode = FALSE
	EndGlobalSection
	GlobalSection(NestedProjects) = preSolution
		{27ECE41E-58DF-4974-8BF0-12EFB751F01E} = {33B1B403-C8D7-4876-A2B1-C67122D2F865}
	EndGlobalSection
EndGlobal
